{
  "name": "cc-cedict-yomitan-import-integration",
  "lockfileVersion": 3,
  "requires": true,
  "packages": {
    "": {
      "name": "cc-cedict-yomitan-import-integration",
      "devDependencies": {
        "fake-indexeddb": "6.2.5"
      },
      "engines": {
        "node": ">=24"
      }
    },
    "node_modules/fake-indexeddb": {
      "version": "6.2.5",
      "resolved": "https://registry.npmjs.org/fake-indexeddb/-/fake-indexeddb-6.2.5.tgz",
      "integrity": "sha512-CGnyrvbhPlWYMngksqrSSUT1BAVP49dZocrHuK0SvtR0D5TMs5wP0o3j7jexDJW01KSadjBp1M/71o/KR3nD1w==",
      "dev": true,
      "license": "Apache-2.0",
      "engines": {
        "node": ">=18"
      }
    }
  }
}
